
Microsoft Visual Studio Solution File, Format Version 12.00
# Visual Studio Version 16
VisualStudioVersion = 16.0.28803.352
MinimumVisualStudioVersion = 10.0.40219.1
Project("{9A19103F-16F7-4668-BE54-9A1E7A4F7556}") = "RazorPagesProject", "src\RazorPagesProject\RazorPagesProject.csproj", "{484A4D8B-F508-4FB0-BE04-2CD56D919867}"
EndProject
Project("{9A19103F-16F7-4668-BE54-9A1E7A4F7556}") = "RazorPagesProject.Tests", "tests\RazorPagesProject.Tests\RazorPagesProject.Tests.csproj", "{DA052A68-256D-4727-AD77-E4519F68D972}"
EndProject
Global
	GlobalSection(SolutionConfigurationPlatforms) = preSolution
		Debug|Any CPU = Debug|Any CPU
		Release|Any CPU = Release|Any CPU
	EndGlobalSection
	GlobalSection(ProjectConfigurationPlatforms) = postSolution
		{484A4D8B-F508-4FB0-BE04-2CD56D919867}.Debug|Any CPU.ActiveCfg = Debug|Any CPU
		{484A4D8B-F508-4FB0-BE04-2CD56D919867}.Debug|Any CPU.Build.0 = Debug|Any CPU
		{484A4D8B-F508-4FB0-BE04-2CD56D919867}.Release|Any CPU.ActiveCfg = Release|Any CPU
		{484A4D8B-F508-4FB0-BE04-2CD56D919867}.Release|Any CPU.Build.0 = Release|Any CPU
		{DA052A68-256D-4727-AD77-E4519F68D972}.Debug|Any CPU.ActiveCfg = Debug|Any CPU
		{DA052A68-256D-4727-AD77-E4519F68D972}.Debug|Any CPU.Build.0 = Debug|Any CPU
		{DA052A68-256D-4727-AD77-E4519F68D972}.Release|Any CPU.ActiveCfg = Release|Any CPU
		{DA052A68-256D-4727-AD77-E4519F68D972}.Release|Any CPU.Build.0 = Release|Any CPU
	EndGlobalSection
	GlobalSection(SolutionProperties) = preSolution
		HideSolutionNode = FALSE
	EndGlobalSection
	GlobalSection(ExtensibilityGlobals) = postSolution
		SolutionGuid = {80DE613B-E253-441F-93AC-EB76578F1333}
	EndGlobalSection
EndGlobal
